
Microsoft Visual Studio Solution File, Format Version 12.00
# Visual Studio Version 17
VisualStudioVersion = 17.5.002.0
MinimumVisualStudioVersion = 10.0.40219.1
Project("{9A19103F-16F7-4668-BE54-9A1E7A4F7556}") = "prueba-1", "prueba-1.csproj", "{E34BE047-BDA9-4CBD-B8BB-05FD2DD0F70A}"
EndProject
Global
	GlobalSection(SolutionConfigurationPlatforms) = preSolution
		Debug|Any CPU = Debug|Any CPU
		Release|Any CPU = Release|Any CPU
	EndGlobalSection
	GlobalSection(ProjectConfigurationPlatforms) = postSolution
		{E34BE047-BDA9-4CBD-B8BB-05FD2DD0F70A}.Debug|Any CPU.ActiveCfg = Debug|Any CPU
		{E34BE047-BDA9-4CBD-B8BB-05FD2DD0F70A}.Debug|Any CPU.Build.0 = Debug|Any CPU
		{E34BE047-BDA9-4CBD-B8BB-05FD2DD0F70A}.Release|Any CPU.ActiveCfg = Release|Any CPU
		{E34BE047-BDA9-4CBD-B8BB-05FD2DD0F70A}.Release|Any CPU.Build.0 = Release|Any CPU
	EndGlobalSection
	GlobalSection(SolutionProperties) = preSolution
		HideSolutionNode = FALSE
	EndGlobalSection
	GlobalSection(ExtensibilityGlobals) = postSolution
		SolutionGuid = {F1E9383D-79D4-4B8B-8191-3C1A5CA7932C}
	EndGlobalSection
EndGlobal
